github.com/Tnze/go-mc v1.19.2 h1:g2KKNeeBO4ZzgXp/hjCK/gm/8YRhx1QXdlcqkps8KdE=
github.com/Tnze/go-mc v1.19.2/go.mod h1:uNMPHRugYj2nXIHbmm8XTQJ1NpQAC2p214es9BIC5Rc=
github.com/ZeroErrors/go-bedrockping v1.0.0 h1:nCAkSohHa9c/Gk8klpwBueiJQHOWz2aMKgF1iOLhgko=
github.com/ZeroErrors/go-bedrockping v1.0.0/go.mod h1:JQdyrc0ScjiSi8O0mbRxMyWQ3fnXrTgMApB/9HOmVPQ=
github.com/google/uuid v1.1.1 h1:Gkbcsh/GbpXz7lPftLA3P6TYMwjCLYm83jiFQZF/3gY=
github.com/google/uuid v1.1.1/go.mod h1:TIyPZe4MgqvfeYDBFedMoGGpEw/LqOeaOT+nhxU+yHo=
github.com/tidwall/gjson v1.14.4 h1:uo0p8EbA09J7RQaflQ1aBRffTR7xedD2bcIVSYxLnkM=
github.com/tidwall/gjson v1.14.4/go.mod h1:/wbyibRr2FHMks5tjHJ5F8dMZh3AcwJEMf5vlfC0lxk=
github.com/tidwall/match v1.1.1 h1:+Ho715JplO36QYgwN9PGYNhgZvoUSc9X2c80KVTi+GA=
github.com/tidwall/match v1.1.1/go.mod h1:eRSPERbgtNPcGhD8UCthc6PmLEQXEWd3PRB5JTxsfmM=
github.com/tidwall/pretty v1.2.0 h1:RWIZEg2iJ8/g6fDDYzMpobmaoGh5OLl4AXtGUGPcqCs=
github.com/tidwall/pretty v1.2.0/go.mod h1:ITEVvHYasfjBbM0u2Pg8T2nJnzm8xPwvNhhsoaGGjNU=
